{
  "name": "build-tools",
  "version": "0.0.0",
  "lockfileVersion": 1,
  "requires": true,
  "dependencies": {
    "adler-32": {
      "version": "1.2.0",
      "resolved": "https://registry.npmjs.org/adler-32/-/adler-32-1.2.0.tgz",
      "integrity": "sha1-aj5r8KY5ALoVZSgIyxXGgT0aXyU=",
      "requires": {
        "exit-on-epipe": "~1.0.1",
        "printj": "~1.1.0"
      }
    },
    "ajv": {
      "version": "5.5.2",
      "resolved": "https://registry.npmjs.org/ajv/-/ajv-5.5.2.tgz",
      "integrity": "sha1-c7Xuyj+rZT49P5Qis0GtQiBdyWU=",
      "requires": {
        "co": "^4.6.0",
        "fast-deep-equal": "^1.0.0",
        "fast-json-stable-stringify": "^2.0.0",
        "json-schema-traverse": "^0.3.0"
      }
    },
    "any-json": {
      "version": "3.1.0",
      "resolved": "https://registry.npmjs.org/any-json/-/any-json-3.1.0.tgz",
      "integrity": "sha1-Ss4XIrrOwfTIH5IbxVFUbvsZ2fg=",
      "requires": {
        "cson": "^4.1.0",
        "dashdash": "^1.14.1",
        "fast-csv": "^2.4.0",
        "format-unicorn": "^1.1.0",
        "hjson": "^2.4.1",
        "ini": "^1.3.4",
        "js-yaml": "^3.7.0",
        "json5": "^0.5.1",
        "strip-json-comments": "^2.0.1",
        "toml-j0.4": "^1.0.10",
        "tomlify-j0.4": "^2.1.1",
        "typescript": "^2.4.2",
        "util.promisify": "^1.0.0",
        "xlsjs": "^0.7.5",
        "xlsx": "^0.11.3",
        "xml2js": "0.4.17"
      }
    },
    "argparse": {
      "version": "1.0.10",
      "resolved": "https://registry.npmjs.org/argparse/-/argparse-1.0.10.tgz",
      "integrity": "sha512-o5Roy6tNG4SL/FOkCAN6RzjiakZS25RLYFrcMttJqbdd8BWrnA+fGz57iN5Pb06pvBGvl5gQ0B48dJlslXvoTg==",
      "requires": {
        "sprintf-js": "~1.0.2"
      }
    },
    "arguments-extended": {
      "version": "0.0.3",
      "resolved": "https://registry.npmjs.org/arguments-extended/-/arguments-extended-0.0.3.tgz",
      "integrity": "sha1-YQfkkX0OtvCk3WYyD8Fa/HLvSUY=",
      "requires": {
        "extended": "~0.0.3",
        "is-extended": "~0.0.8"
      }
    },
    "array-extended": {
      "version": "0.0.11",
      "resolved": "https://registry.npmjs.org/array-extended/-/array-extended-0.0.11.tgz",
      "integrity": "sha1-1xRK50jek8pybxIQCdv/FibRZL0=",
      "requires": {
        "arguments-extended": "~0.0.3",
        "extended": "~0.0.3",
        "is-extended": "~0.0.3"
      }
    },
    "assert-plus": {
      "version": "1.0.0",
      "resolved": "https://registry.npmjs.org/assert-plus/-/assert-plus-1.0.0.tgz",
      "integrity": "sha1-8S4PPF13sLHN2RRpQuTpbB5N1SU="
    },
    "balanced-match": {
      "version": "1.0.2",
      "resolved": "https://registry.npmjs.org/balanced-match/-/balanced-match-1.0.2.tgz",
      "integrity": "sha512-3oSeUO0TMV67hN1AmbXsK4yaqU7tjiHlbxRDZOpH0KW9+CeX4bRAaX0Anxt0tx2MrpRpWwQaPwIlISEJhYU5Pw=="
    },
    "bindings": {
      "version": "1.5.0",
      "resolved": "https://registry.npmjs.org/bindings/-/bindings-1.5.0.tgz",
      "integrity": "sha512-p2q/t/mhvuOj/UeLlV6566GD/guowlr0hHxClI0W9m7MWYkL1F0hLo+0Aexs9HSPCtR1SXQ0TD3MMKrXZajbiQ==",
      "requires": {
        "file-uri-to-path": "1.0.0"
      }
    },
    "brace-expansion": {
      "version": "1.1.11",
      "resolved": "https://registry.npmjs.org/brace-expansion/-/brace-expansion-1.1.11.tgz",
      "integrity": "sha512-iCuPHDFgrHX7H2vEI/5xpz07zSHB00TpugqhmYtVmMO6518mCuRMoOYFldEBl0g187ufozdaHgWKcYFb61qGiA==",
      "requires": {
        "balanced-match": "^1.0.0",
        "concat-map": "0.0.1"
      }
    },
    "call-bind": {
      "version": "1.0.2",
      "resolved": "https://registry.npmjs.org/call-bind/-/call-bind-1.0.2.tgz",
      "integrity": "sha512-7O+FbCihrB5WGbFYesctwmTKae6rOiIzmz1icreWJ+0aA7LJfuqhEso2T9ncpcFtzMQtzXf2QGGueWJGTYsqrA==",
      "requires": {
        "function-bind": "^1.1.1",
        "get-intrinsic": "^1.0.2"
      }
    },
    "cfb": {
      "version": "0.11.1",
      "resolved": "https://registry.npmjs.org/cfb/-/cfb-0.11.1.tgz",
      "integrity": "sha1-qW248nKmw/uZ27sj70EiP0i+Hqc=",
      "requires": {
        "commander": "^7.2.0"
      },
      "dependencies": {
        "commander": {
          "version": "7.2.0",
          "resolved": "https://registry.npmjs.org/commander/-/commander-7.2.0.tgz",
          "integrity": "sha512-QrWXB+ZQSVPmIWIhtEO9H+gwHaMGYiF5ChvoJ+K9ZGHG/sVsa6yiesAD1GC/x46sET00Xlwo1u49RVVVzvcSkw=="
        }
      }
    },
    "co": {
      "version": "4.6.0",
      "resolved": "https://registry.npmjs.org/co/-/co-4.6.0.tgz",
      "integrity": "sha1-bqa989hTrlTMuOR7+gvz+QMfsYQ="
    },
    "coffee-script": {
      "version": "1.12.7",
      "resolved": "https://registry.npmjs.org/coffee-script/-/coffee-script-1.12.7.tgz",
      "integrity": "sha512-fLeEhqwymYat/MpTPUjSKHVYYl0ec2mOyALEMLmzr5i1isuG+6jfI2j2d5oBO3VIzgUXgBVIcOT9uH1TFxBckw=="
    },
    "colors": {
      "version": "0.6.2",
      "resolved": "https://registry.npmjs.org/colors/-/colors-0.6.2.tgz",
      "integrity": "sha1-JCP+ZnisDF2uiFLl0OW+CMmXq8w="
    },
    "concat-map": {
      "version": "0.0.1",
      "resolved": "https://registry.npmjs.org/concat-map/-/concat-map-0.0.1.tgz",
      "integrity": "sha1-2Klr13/Wjfd5OnMDajug1UBdR3s="
    },
    "crc-32": {
      "version": "1.2.0",
      "resolved": "https://registry.npmjs.org/crc-32/-/crc-32-1.2.0.tgz",
      "integrity": "sha512-1uBwHxF+Y/4yF5G48fwnKq6QsIXheor3ZLPT80yGBV1oEUwpPojlEhQbWKVw1VwcTQyMGHK1/XMmTjmlsmTTGA==",
      "requires": {
        "exit-on-epipe": "~1.0.1",
        "printj": "~1.1.0"
      }
    },
    "cson": {
      "version": "4.1.0",
      "resolved": "https://registry.npmjs.org/cson/-/cson-4.1.0.tgz",
      "integrity": "sha1-sQdTRPqdn+XPiNgPIdk2Ypa4Zcc=",
      "requires": {
        "coffee-script": "^1.12.4",
        "cson-parser": "^1.3.4",
        "extract-opts": "^3.3.1",
        "requirefresh": "^2.1.0",
        "safefs": "^4.1.0"
      }
    },
    "cson-parser": {
      "version": "1.3.5",
      "resolved": "https://registry.npmjs.org/cson-parser/-/cson-parser-1.3.5.tgz",
      "integrity": "sha1-fsZ14DkUVTO/KmqFYHPxWZ2cLSQ=",
      "requires": {
        "coffee-script": "^1.10.0"
      }
    },
    "dashdash": {
      "version": "1.14.1",
      "resolved": "https://registry.npmjs.org/dashdash/-/dashdash-1.14.1.tgz",
      "integrity": "sha1-hTz6D3y+L+1d4gMmuN1YEDX24vA=",
      "requires": {
        "assert-plus": "^1.0.0"
      }
    },
    "date-extended": {
      "version": "0.0.6",
      "resolved": "https://registry.npmjs.org/date-extended/-/date-extended-0.0.6.tgz",
      "integrity": "sha1-I4AtV90b94GIE/4MMuhRqG2iZ8k=",
      "requires": {
        "array-extended": "~0.0.3",
        "extended": "~0.0.3",
        "is-extended": "~0.0.3"
      }
    },
    "deasync": {
      "version": "0.1.21",
      "resolved": "https://registry.npmjs.org/deasync/-/deasync-0.1.21.tgz",
      "integrity": "sha512-kUmM8Y+PZpMpQ+B4AuOW9k2Pfx/mSupJtxOsLzmnHY2WqZUYRFccFn2RhzPAqt3Xb+sorK/badW2D4zNzqZz5w==",
      "requires": {
        "bindings": "^1.5.0",
        "node-addon-api": "^1.7.1"
      }
    },
    "deasync-promise": {
      "version": "1.0.1",
      "resolved": "https://registry.npmjs.org/deasync-promise/-/deasync-promise-1.0.1.tgz",
      "integrity": "sha1-KyfeR4Fnr07zS6mYecUuwM7dYcI=",
      "requires": {
        "deasync": "^0.1.7"
      }
    },
    "declare.js": {
      "version": "0.0.8",
      "resolved": "https://registry.npmjs.org/declare.js/-/declare.js-0.0.8.tgz",
      "integrity": "sha1-BHit/5VkwAT1Hfc9i8E0AZ0o3N4="
    },
    "define-properties": {
      "version": "1.1.3",
      "resolved": "https://registry.npmjs.org/define-properties/-/define-properties-1.1.3.tgz",
      "integrity": "sha512-3MqfYKj2lLzdMSf8ZIZE/V+Zuy+BgD6f164e8K2w7dgnpKArBDerGYpM46IYYcjnkdPNMjPk9A6VFB8+3SKlXQ==",
      "requires": {
        "object-keys": "^1.0.12"
      }
    },
    "eachr": {
      "version": "3.3.0",
      "resolved": "https://registry.npmjs.org/eachr/-/eachr-3.3.0.tgz",
      "integrity": "sha512-yKWuGwOE283CTgbEuvqXXusLH4VBXnY2nZbDkeWev+cpAXY6zCIADSPLdvfkAROc0t8S4l07U1fateCdEDuuvg==",
      "requires": {
        "editions": "^2.2.0",
        "typechecker": "^4.9.0"
      }
    },
    "editions": {
      "version": "2.3.1",
      "resolved": "https://registry.npmjs.org/editions/-/editions-2.3.1.tgz",
      "integrity": "sha512-ptGvkwTvGdGfC0hfhKg0MT+TRLRKGtUiWGBInxOm5pz7ssADezahjCUaYuZ8Dr+C05FW0AECIIPt4WBxVINEhA==",
      "requires": {
        "errlop": "^2.0.0",
        "semver": "^6.3.0"
      }
    },
    "errlop": {
      "version": "2.2.0",
      "resolved": "https://registry.npmjs.org/errlop/-/errlop-2.2.0.tgz",
      "integrity": "sha512-e64Qj9+4aZzjzzFpZC7p5kmm/ccCrbLhAJplhsDXQFs87XTsXwOpH4s1Io2s90Tau/8r2j9f4l/thhDevRjzxw=="
    },
    "es-abstract": {
      "version": "1.18.0",
      "resolved": "https://registry.npmjs.org/es-abstract/-/es-abstract-1.18.0.tgz",
      "integrity": "sha512-LJzK7MrQa8TS0ja2w3YNLzUgJCGPdPOV1yVvezjNnS89D+VR08+Szt2mz3YB2Dck/+w5tfIq/RoUAFqJJGM2yw==",
      "requires": {
        "call-bind": "^1.0.2",
        "es-to-primitive": "^1.2.1",
        "function-bind": "^1.1.1",
        "get-intrinsic": "^1.1.1",
        "has": "^1.0.3",
        "has-symbols": "^1.0.2",
        "is-callable": "^1.2.3",
        "is-negative-zero": "^2.0.1",
        "is-regex": "^1.1.2",
        "is-string": "^1.0.5",
        "object-inspect": "^1.9.0",
        "object-keys": "^1.1.1",
        "object.assign": "^4.1.2",
        "string.prototype.trimend": "^1.0.4",
        "string.prototype.trimstart": "^1.0.4",
        "unbox-primitive": "^1.0.0"
      }
    },
    "es-to-primitive": {
      "version": "1.2.1",
      "resolved": "https://registry.npmjs.org/es-to-primitive/-/es-to-primitive-1.2.1.tgz",
      "integrity": "sha512-QCOllgZJtaUo9miYBcLChTUaHNjJF3PYs1VidD7AwiEj1kYxKeQTctLAezAOH5ZKRH0g2IgPn6KwB4IT8iRpvA==",
      "requires": {
        "is-callable": "^1.1.4",
        "is-date-object": "^1.0.1",
        "is-symbol": "^1.0.2"
      }
    },
    "esprima": {
      "version": "4.0.1",
      "resolved": "https://registry.npmjs.org/esprima/-/esprima-4.0.1.tgz",
      "integrity": "sha512-eGuFFw7Upda+g4p+QHvnW0RyTX/SVeJBDM/gCtMARO0cLuT2HcEKnTPvhjV6aGeqrCB/sbNop0Kszm0jsaWU4A=="
    },
    "exit-on-epipe": {
      "version": "1.0.1",
      "resolved": "https://registry.npmjs.org/exit-on-epipe/-/exit-on-epipe-1.0.1.tgz",
      "integrity": "sha512-h2z5mrROTxce56S+pnvAV890uu7ls7f1kEvVGJbw1OlFH3/mlJ5bkXu0KRyW94v37zzHPiUd55iLn3DA7TjWpw=="
    },
    "extended": {
      "version": "0.0.6",
      "resolved": "https://registry.npmjs.org/extended/-/extended-0.0.6.tgz",
      "integrity": "sha1-f7i/e52uOXWG5IVwrP1kLHjlBmk=",
      "requires": {
        "extender": "~0.0.5"
      }
    },
    "extender": {
      "version": "0.0.10",
      "resolved": "https://registry.npmjs.org/extender/-/extender-0.0.10.tgz",
      "integrity": "sha1-WJwHSCvmGhRgttgfnCSqZ+jzJM0=",
      "requires": {
        "declare.js": "~0.0.4"
      }
    },
    "extract-opts": {
      "version": "3.4.0",
      "resolved": "https://registry.npmjs.org/extract-opts/-/extract-opts-3.4.0.tgz",
      "integrity": "sha512-M7Y+1cJDkzOWqvGH5F/V2qgkD6+uitW3NV9rQGl+pLSVuXZ4IDDQgxxMeLPKcWUyfypBWczIILiroSuhXG7Ytg==",
      "requires": {
        "eachr": "^3.2.0",
        "editions": "^2.2.0",
        "typechecker": "^4.9.0"
      }
    },
    "fast-csv": {
      "version": "2.5.0",
      "resolved": "https://registry.npmjs.org/fast-csv/-/fast-csv-2.5.0.tgz",
      "integrity": "sha512-M/9ezLU9/uDwvDZTt9sNFJa0iLDUsbhYJwPtnE0D9MjeuB6DY9wRCyUPZta9iI6cSz5wBWGaUPL61QH8h92cNA==",
      "requires": {
        "extended": "0.0.6",
        "is-extended": "0.0.10",
        "object-extended": "0.0.7",
        "safer-buffer": "^2.1.2",
        "string-extended": "0.0.8"
      }
    },
    "fast-deep-equal": {
      "version": "1.1.0",
      "resolved": "https://registry.npmjs.org/fast-deep-equal/-/fast-deep-equal-1.1.0.tgz",
      "integrity": "sha1-wFNHeBfIa1HaqFPIHgWbcz0CNhQ="
    },
    "fast-json-patch": {
      "version": "0.5.7",
      "resolved": "https://registry.npmjs.org/fast-json-patch/-/fast-json-patch-0.5.7.tgz",
      "integrity": "sha1-taj0nSWWJFlu+YuHLz/aiVtNhmU="
    },
    "fast-json-stable-stringify": {
      "version": "2.1.0",
      "resolved": "https://registry.npmjs.org/fast-json-stable-stringify/-/fast-json-stable-stringify-2.1.0.tgz",
      "integrity": "sha512-lhd/wF+Lk98HZoTCtlVraHtfh5XYijIjalXck7saUtuanSDyLMxnHhSXEDJqHxD7msR8D0uCmqlkwjCV8xvwHw=="
    },
    "file-uri-to-path": {
      "version": "1.0.0",
      "resolved": "https://registry.npmjs.org/file-uri-to-path/-/file-uri-to-path-1.0.0.tgz",
      "integrity": "sha512-0Zt+s3L7Vf1biwWZ29aARiVYLx7iMGnEUl9x33fbB/j3jR81u/O2LbqK+Bm1CDSNDKVtJ/YjwY7TUd5SkeLQLw=="
    },
    "for-each": {
      "version": "0.3.3",
      "resolved": "https://registry.npmjs.org/for-each/-/for-each-0.3.3.tgz",
      "integrity": "sha512-jqYfLp7mo9vIyQf8ykW2v7A+2N4QjeCeI5+Dz9XraiO1ign81wjiH7Fb9vSOWvQfNtmSa4H2RoQTrrXivdUZmw==",
      "requires": {
        "is-callable": "^1.1.3"
      }
    },
    "format-unicorn": {
      "version": "1.1.1",
      "resolved": "https://registry.npmjs.org/format-unicorn/-/format-unicorn-1.1.1.tgz",
      "integrity": "sha1-UzQj+ca9smG/UI//VPLXqbJ6IlE="
    },
    "frac": {
      "version": "0.3.1",
      "resolved": "https://registry.npmjs.org/frac/-/frac-0.3.1.tgz",
      "integrity": "sha1-V3Z3t/3L5vr3xGHxgB00E3zaQ1Q="
    },
    "fs.realpath": {
      "version": "1.0.0",
      "resolved": "https://registry.npmjs.org/fs.realpath/-/fs.realpath-1.0.0.tgz",
      "integrity": "sha1-FQStJSMVjKpA20onh8sBQRmU6k8="
    },
    "function-bind": {
      "version": "1.1.1",
      "resolved": "https://registry.npmjs.org/function-bind/-/function-bind-1.1.1.tgz",
      "integrity": "sha512-yIovAzMX49sF8Yl58fSCWJ5svSLuaibPxXQJFLmBObTuCr0Mf1KiPopGM9NiFjiYBCbfaa2Fh6breQ6ANVTI0A=="
    },
    "get-intrinsic": {
      "version": "1.1.1",
      "resolved": "https://registry.npmjs.org/get-intrinsic/-/get-intrinsic-1.1.1.tgz",
      "integrity": "sha512-kWZrnVM42QCiEA2Ig1bG8zjoIMOgxWwYCEeNdwY6Tv/cOSeGpcoX4pXHfKUxNKVoArnrEr2e9srnAxxGIraS9Q==",
      "requires": {
        "function-bind": "^1.1.1",
        "has": "^1.0.3",
        "has-symbols": "^1.0.1"
      }
    },
    "glob": {
      "version": "7.1.6",
      "resolved": "https://registry.npmjs.org/glob/-/glob-7.1.6.tgz",
      "integrity": "sha512-LwaxwyZ72Lk7vZINtNNrywX0ZuLyStrdDtabefZKAY5ZGJhVtgdznluResxNmPitE0SAO+O26sWTHeKSI2wMBA==",
      "requires": {
        "fs.realpath": "^1.0.0",
        "inflight": "^1.0.4",
        "inherits": "2",
        "minimatch": "^3.0.4",
        "once": "^1.3.0",
        "path-is-absolute": "^1.0.0"
      }
    },
    "graceful-fs": {
      "version": "4.2.6",
      "resolved": "https://registry.npmjs.org/graceful-fs/-/graceful-fs-4.2.6.tgz",
      "integrity": "sha512-nTnJ528pbqxYanhpDYsi4Rd8MAeaBA67+RZ10CM1m3bTAVFEDcd5AuA4a6W5YkGZ1iNXHzZz8T6TBKLeBuNriQ=="
    },
    "has": {
      "version": "1.0.3",
      "resolved": "https://registry.npmjs.org/has/-/has-1.0.3.tgz",
      "integrity": "sha512-f2dvO0VU6Oej7RkWJGrehjbzMAjFp5/VKPp5tTpWIV4JHHZK1/BxbFRtf/siA2SWTe09caDmVtYYzWEIbBS4zw==",
      "requires": {
        "function-bind": "^1.1.1"
      }
    },
    "has-bigints": {
      "version": "1.0.1",
      "resolved": "https://registry.npmjs.org/has-bigints/-/has-bigints-1.0.1.tgz",
      "integrity": "sha512-LSBS2LjbNBTf6287JEbEzvJgftkF5qFkmCo9hDRpAzKhUOlJ+hx8dd4USs00SgsUNwc4617J9ki5YtEClM2ffA=="
    },
    "has-symbols": {
      "version": "1.0.2",
      "resolved": "https://registry.npmjs.org/has-symbols/-/has-symbols-1.0.2.tgz",
      "integrity": "sha512-chXa79rL/UC2KlX17jo3vRGz0azaWEx5tGqZg5pO3NUyEJVB17dMruQlzCCOfUvElghKcm5194+BCRvi2Rv/Gw=="
    },
    "hjson": {
      "version": "2.4.3",
      "resolved": "https://registry.npmjs.org/hjson/-/hjson-2.4.3.tgz",
      "integrity": "sha1-h4V4pF0TSG7DZOEeZC9X/xosy74="
    },
    "inflight": {
      "version": "1.0.6",
      "resolved": "https://registry.npmjs.org/inflight/-/inflight-1.0.6.tgz",
      "integrity": "sha1-Sb1jMdfQLQwJvJEKEHW6gWW1bfk=",
      "requires": {
        "once": "^1.3.0",
        "wrappy": "1"
      }
    },
    "inherits": {
      "version": "2.0.4",
      "resolved": "https://registry.npmjs.org/inherits/-/inherits-2.0.4.tgz",
      "integrity": "sha512-k/vGaX4/Yla3WzyMCvTQOXYeIHvqOKtnqBduzTHpzpQZzAskKMhZ2K+EnBiSM9zGSoIFeMpXKxa4dYeZIQqewQ=="
    },
    "ini": {
      "version": "1.3.8",
      "resolved": "https://registry.npmjs.org/ini/-/ini-1.3.8.tgz",
      "integrity": "sha512-JV/yugV2uzW5iMRSiZAyDtQd+nxtUnjeLt0acNdw98kKLrvuRVyB80tsREOE7yvGVgalhZ6RNXCmEHkUKBKxew=="
    },
    "is-bigint": {
      "version": "1.0.1",
      "resolved": "https://registry.npmjs.org/is-bigint/-/is-bigint-1.0.1.tgz",
      "integrity": "sha512-J0ELF4yHFxHy0cmSxZuheDOz2luOdVvqjwmEcj8H/L1JHeuEDSDbeRP+Dk9kFVk5RTFzbucJ2Kb9F7ixY2QaCg=="
    },
    "is-boolean-object": {
      "version": "1.1.0",
      "resolved": "https://registry.npmjs.org/is-boolean-object/-/is-boolean-object-1.1.0.tgz",
      "integrity": "sha512-a7Uprx8UtD+HWdyYwnD1+ExtTgqQtD2k/1yJgtXP6wnMm8byhkoTZRl+95LLThpzNZJ5aEvi46cdH+ayMFRwmA==",
      "requires": {
        "call-bind": "^1.0.0"
      }
    },
    "is-callable": {
      "version": "1.2.3",
      "resolved": "https://registry.npmjs.org/is-callable/-/is-callable-1.2.3.tgz",
      "integrity": "sha512-J1DcMe8UYTBSrKezuIUTUwjXsho29693unXM2YhJUTR2txK/eG47bvNa/wipPFmZFgr/N6f1GA66dv0mEyTIyQ=="
    },
    "is-date-object": {
      "version": "1.0.2",
      "resolved": "https://registry.npmjs.org/is-date-object/-/is-date-object-1.0.2.tgz",
      "integrity": "sha512-USlDT524woQ08aoZFzh3/Z6ch9Y/EWXEHQ/AaRN0SkKq4t2Jw2R2339tSXmwuVoY7LLlBCbOIlx2myP/L5zk0g=="
    },
    "is-extended": {
      "version": "0.0.10",
      "resolved": "https://registry.npmjs.org/is-extended/-/is-extended-0.0.10.tgz",
      "integrity": "sha1-JE4UDfdbscmjEG9BL/GC+1NKbWI=",
      "requires": {
        "extended": "~0.0.3"
      }
    },
    "is-negative-zero": {
      "version": "2.0.1",
      "resolved": "https://registry.npmjs.org/is-negative-zero/-/is-negative-zero-2.0.1.tgz",
      "integrity": "sha512-2z6JzQvZRa9A2Y7xC6dQQm4FSTSTNWjKIYYTt4246eMTJmIo0Q+ZyOsU66X8lxK1AbB92dFeglPLrhwpeRKO6w=="
    },
    "is-number-object": {
      "version": "1.0.4",
      "resolved": "https://registry.npmjs.org/is-number-object/-/is-number-object-1.0.4.tgz",
      "integrity": "sha512-zohwelOAur+5uXtk8O3GPQ1eAcu4ZX3UwxQhUlfFFMNpUd83gXgjbhJh6HmB6LUNV/ieOLQuDwJO3dWJosUeMw=="
    },
    "is-regex": {
      "version": "1.1.2",
      "resolved": "https://registry.npmjs.org/is-regex/-/is-regex-1.1.2.tgz",
      "integrity": "sha512-axvdhb5pdhEVThqJzYXwMlVuZwC+FF2DpcOhTS+y/8jVq4trxyPgfcwIxIKiyeuLlSQYKkmUaPQJ8ZE4yNKXDg==",
      "requires": {
        "call-bind": "^1.0.2",
        "has-symbols": "^1.0.1"
      }
    },
    "is-string": {
      "version": "1.0.5",
      "resolved": "https://registry.npmjs.org/is-string/-/is-string-1.0.5.tgz",
      "integrity": "sha512-buY6VNRjhQMiF1qWDouloZlQbRhDPCebwxSjxMjxgemYT46YMd2NR0/H+fBhEfWX4A/w9TBJ+ol+okqJKFE6vQ=="
    },
    "is-symbol": {
      "version": "1.0.3",
      "resolved": "https://registry.npmjs.org/is-symbol/-/is-symbol-1.0.3.tgz",
      "integrity": "sha512-OwijhaRSgqvhm/0ZdAcXNZt9lYdKFpcRDT5ULUuYXPoT794UNOdU+gpT6Rzo7b4V2HUl/op6GqY894AZwv9faQ==",
      "requires": {
        "has-symbols": "^1.0.1"
      }
    },
    "js-yaml": {
      "version": "3.14.1",
      "resolved": "https://registry.npmjs.org/js-yaml/-/js-yaml-3.14.1.tgz",
      "integrity": "sha512-okMH7OXXJ7YrN9Ok3/SXrnu4iX9yOk+25nqX4imS2npuvTYDmo/QEZoqwZkYaIDk3jVvBOTOIEgEhaLOynBS9g==",
      "requires": {
        "argparse": "^1.0.7",
        "esprima": "^4.0.0"
      }
    },
    "json-schema-traverse": {
      "version": "0.3.1",
      "resolved": "https://registry.npmjs.org/json-schema-traverse/-/json-schema-traverse-0.3.1.tgz",
      "integrity": "sha1-NJptRMU6Ud6JtAgFxdXlm0F9M0A="
    },
    "json5": {
      "version": "0.5.1",
      "resolved": "https://registry.npmjs.org/json5/-/json5-0.5.1.tgz",
      "integrity": "sha1-Hq3nrMASA0rYTiOWdn6tn6VJWCE="
    },
    "lodash": {
      "version": "4.17.21",
      "resolved": "https://registry.npmjs.org/lodash/-/lodash-4.17.21.tgz",
      "integrity": "sha512-v2kDEe57lecTulaDIuNTPy3Ry4gLGJ6Z1O3vE1krgXZNrsQ+LFTGHVxVjcXPs17LhbZVGedAJv8XZ1tvj5FvSg=="
    },
    "minimatch": {
      "version": "3.0.4",
      "resolved": "https://registry.npmjs.org/minimatch/-/minimatch-3.0.4.tgz",
      "integrity": "sha512-yJHVQEhyqPLUTgt9B83PXu6W3rx4MvvHvSUvToogpwoGDOUQ+yDrR0HRot+yOCdCO7u4hX3pWft6kWBBcqh0UA==",
      "requires": {
        "brace-expansion": "^1.1.7"
      }
    },
    "minimist": {
      "version": "1.2.5",
      "resolved": "https://registry.npmjs.org/minimist/-/minimist-1.2.5.tgz",
      "integrity": "sha512-FM9nNUYrRBAELZQT3xeZQ7fmMOBg6nWNmJKTcgsJeaLstP/UODVpGsr5OhXhhXg6f+qtJ8uiZ+PUxkDWcgIXLw=="
    },
    "node-addon-api": {
      "version": "1.7.2",
      "resolved": "https://registry.npmjs.org/node-addon-api/-/node-addon-api-1.7.2.tgz",
      "integrity": "sha512-ibPK3iA+vaY1eEjESkQkM0BbCqFOaZMiXRTtdB0u7b4djtY6JnsjvPdUHVMg6xQt3B8fpTTWHI9A+ADjM9frzg=="
    },
    "object-extended": {
      "version": "0.0.7",
      "resolved": "https://registry.npmjs.org/object-extended/-/object-extended-0.0.7.tgz",
      "integrity": "sha1-hP0j9WsVWCrrPoiwXLVdJDLWijM=",
      "requires": {
        "array-extended": "~0.0.4",
        "extended": "~0.0.3",
        "is-extended": "~0.0.3"
      }
    },
    "object-inspect": {
      "version": "1.10.2",
      "resolved": "https://registry.npmjs.org/object-inspect/-/object-inspect-1.10.2.tgz",
      "integrity": "sha512-gz58rdPpadwztRrPjZE9DZLOABUpTGdcANUgOwBFO1C+HZZhePoP83M65WGDmbpwFYJSWqavbl4SgDn4k8RYTA=="
    },
    "object-keys": {
      "version": "1.1.1",
      "resolved": "https://registry.npmjs.org/object-keys/-/object-keys-1.1.1.tgz",
      "integrity": "sha512-NuAESUOUMrlIXOfHKzD6bpPu3tYt3xvjNdRIQ+FeT0lNb4K8WR70CaDxhuNguS2XG+GjkyMwOzsN5ZktImfhLA=="
    },
    "object.assign": {
      "version": "4.1.2",
      "resolved": "https://registry.npmjs.org/object.assign/-/object.assign-4.1.2.tgz",
      "integrity": "sha512-ixT2L5THXsApyiUPYKmW+2EHpXXe5Ii3M+f4e+aJFAHao5amFRW6J0OO6c/LU8Be47utCx2GL89hxGB6XSmKuQ==",
      "requires": {
        "call-bind": "^1.0.0",
        "define-properties": "^1.1.3",
        "has-symbols": "^1.0.1",
        "object-keys": "^1.1.1"
      }
    },
    "object.getownpropertydescriptors": {
      "version": "2.1.2",
      "resolved": "https://registry.npmjs.org/object.getownpropertydescriptors/-/object.getownpropertydescriptors-2.1.2.tgz",
      "integrity": "sha512-WtxeKSzfBjlzL+F9b7M7hewDzMwy+C8NRssHd1YrNlzHzIDrXcXiNOMrezdAEM4UXixgV+vvnyBeN7Rygl2ttQ==",
      "requires": {
        "call-bind": "^1.0.2",
        "define-properties": "^1.1.3",
        "es-abstract": "^1.18.0-next.2"
      }
    },
    "once": {
      "version": "1.4.0",
      "resolved": "https://registry.npmjs.org/once/-/once-1.4.0.tgz",
      "integrity": "sha1-WDsap3WWHUsROsF9nFC6753Xa9E=",
      "requires": {
        "wrappy": "1"
      }
    },
    "pajv": {
      "version": "1.2.0",
      "resolved": "https://registry.npmjs.org/pajv/-/pajv-1.2.0.tgz",
      "integrity": "sha1-u/g4jGxXrzNlCjuFoKdAFmHKWXI=",
      "requires": {
        "ajv": "^5.0.0",
        "any-json": "^3.0.0",
        "deasync": "^0.1.10",
        "deasync-promise": "^1.0.1",
        "fast-json-patch": "^0.5.6",
        "glob": "^7.0.3",
        "minimist": "^1.2.0",
        "util.promisify": "^1.0.0"
      }
    },
    "path-is-absolute": {
      "version": "1.0.1",
      "resolved": "https://registry.npmjs.org/path-is-absolute/-/path-is-absolute-1.0.1.tgz",
      "integrity": "sha1-F0uSaHNVNP+8es5r9TpanhtcX18="
    },
    "printj": {
      "version": "1.1.2",
      "resolved": "https://registry.npmjs.org/printj/-/printj-1.1.2.tgz",
      "integrity": "sha512-zA2SmoLaxZyArQTOPj5LXecR+RagfPSU5Kw1qP+jkWeNlrq+eJZyY2oS68SU1Z/7/myXM4lo9716laOFAVStCQ=="
    },
    "requirefresh": {
      "version": "2.3.0",
      "resolved": "https://registry.npmjs.org/requirefresh/-/requirefresh-2.3.0.tgz",
      "integrity": "sha512-oskKAg0pSlPnJAkFMrcqrHeCGzYunl4Hkl+N/NW3nnFWDHRg97yb475HtF5ax8LP9i8QvVkenVIhjNb+h+P7nA==",
      "requires": {
        "editions": "^2.2.0"
      }
    },
    "safefs": {
      "version": "4.2.0",
      "resolved": "https://registry.npmjs.org/safefs/-/safefs-4.2.0.tgz",
      "integrity": "sha512-1amPBO92jw/hWS+gH/u7z7EL7YxaJ8WecBQl49tMQ6Y6EQfndxNNKwlPqDOcwpUetdmK6nKLoVdjybVScRwq5A==",
      "requires": {
        "editions": "^2.2.0",
        "graceful-fs": "^4.2.3"
      }
    },
    "safer-buffer": {
      "version": "2.1.2",
      "resolved": "https://registry.npmjs.org/safer-buffer/-/safer-buffer-2.1.2.tgz",
      "integrity": "sha512-YZo3K82SD7Riyi0E1EQPojLz7kpepnSQI9IyPbHHg1XXXevb5dJI7tpyN2ADxGcQbHG7vcyRHk0cbwqcQriUtg=="
    },
    "sax": {
      "version": "1.2.4",
      "resolved": "https://registry.npmjs.org/sax/-/sax-1.2.4.tgz",
      "integrity": "sha512-NqVDv9TpANUjFm0N8uM5GxL36UgKi9/atZw+x7YFnQ8ckwFGKrl4xX4yWtrey3UJm5nP1kUbnYgLopqWNSRhWw=="
    },
    "semver": {
      "version": "6.3.0",
      "resolved": "https://registry.npmjs.org/semver/-/semver-6.3.0.tgz",
      "integrity": "sha512-b39TBaTSfV6yBrapU89p5fKekE2m/NwnDocOVruQFS1/veMgdzuPcnOM34M6CwxW8jH/lxEa5rBoDeUwu5HHTw=="
    },
    "sprintf-js": {
      "version": "1.0.3",
      "resolved": "https://registry.npmjs.org/sprintf-js/-/sprintf-js-1.0.3.tgz",
      "integrity": "sha1-BOaSb2YolTVPPdAVIDYzuFcpfiw="
    },
    "ssf": {
      "version": "0.8.2",
      "resolved": "https://registry.npmjs.org/ssf/-/ssf-0.8.2.tgz",
      "integrity": "sha1-udTcahwbz3b4q/qW19dlb7Kr7NY=",
      "requires": {
        "colors": "0.6.2",
        "frac": "0.3.1",
        "voc": "^1.2.0"
      },
      "dependencies": {
        "voc": {
          "version": "1.2.0",
          "resolved": "https://registry.npmjs.org/voc/-/voc-1.2.0.tgz",
          "integrity": "sha512-BOuDjFFYvJdZO6e/N65AlaDItXo2TgyLjeyRYcqgAPkXpp5yTJcvkL2n+syO1r9Qc5g96tfBD2tuiMhYDmaGcA=="
        }
      }
    },
    "string-extended": {
      "version": "0.0.8",
      "resolved": "https://registry.npmjs.org/string-extended/-/string-extended-0.0.8.tgz",
      "integrity": "sha1-dBlX3/SHsCcqee7FpE8jnubxfM0=",
      "requires": {
        "array-extended": "~0.0.5",
        "date-extended": "~0.0.3",
        "extended": "~0.0.3",
        "is-extended": "~0.0.3"
      }
    },
    "string.prototype.trimend": {
      "version": "1.0.4",
      "resolved": "https://registry.npmjs.org/string.prototype.trimend/-/string.prototype.trimend-1.0.4.tgz",
      "integrity": "sha512-y9xCjw1P23Awk8EvTpcyL2NIr1j7wJ39f+k6lvRnSMz+mz9CGz9NYPelDk42kOz6+ql8xjfK8oYzy3jAP5QU5A==",
      "requires": {
        "call-bind": "^1.0.2",
        "define-properties": "^1.1.3"
      }
    },
    "string.prototype.trimstart": {
      "version": "1.0.4",
      "resolved": "https://registry.npmjs.org/string.prototype.trimstart/-/string.prototype.trimstart-1.0.4.tgz",
      "integrity": "sha512-jh6e984OBfvxS50tdY2nRZnoC5/mLFKOREQfw8t5yytkoUsJRNxvI/E39qu1sD0OtWI3OC0XgKSmcWwziwYuZw==",
      "requires": {
        "call-bind": "^1.0.2",
        "define-properties": "^1.1.3"
      }
    },
    "strip-json-comments": {
      "version": "2.0.1",
      "resolved": "https://registry.npmjs.org/strip-json-comments/-/strip-json-comments-2.0.1.tgz",
      "integrity": "sha1-PFMZQukIwml8DsNEhYwobHygpgo="
    },
    "toml-j0.4": {
      "version": "1.1.1",
      "resolved": "https://registry.npmjs.org/toml-j0.4/-/toml-j0.4-1.1.1.tgz",
      "integrity": "sha512-lYK5otg0+cto8YmsWcPEfeiTiC/VU6P6HA6ooaYI9K/KYT24Jg0BrYtRZK1K3cwakSMyh6nttfJL9RmQH0gyCg=="
    },
    "tomlify-j0.4": {
      "version": "2.2.1",
      "resolved": "https://registry.npmjs.org/tomlify-j0.4/-/tomlify-j0.4-2.2.1.tgz",
      "integrity": "sha512-0kCocYX8ujnbK6jQ9e+g9GLiCIfVkFaCB3DCTQDP7J79gPVZVmZgQZ/KUNe1a6hUfrmHHaErVGUjedfpaX5EZw=="
    },
    "typechecker": {
      "version": "4.11.0",
      "resolved": "https://registry.npmjs.org/typechecker/-/typechecker-4.11.0.tgz",
      "integrity": "sha512-lz39Mc/d1UBcF/uQFL5P8L+oWdIn/stvkUgHf0tPRW4aEwGGErewNXo2Nb6We2WslWifn00rhcHbbRWRcTGhuw==",
      "requires": {
        "editions": "^2.2.0"
      }
    },
    "typescript": {
      "version": "2.9.2",
      "resolved": "https://registry.npmjs.org/typescript/-/typescript-2.9.2.tgz",
      "integrity": "sha512-Gr4p6nFNaoufRIY4NMdpQRNmgxVIGMs4Fcu/ujdYk3nAZqk7supzBE9idmvfZIlH/Cuj//dvi+019qEue9lV0w=="
    },
    "unbox-primitive": {
      "version": "1.0.1",
      "resolved": "https://registry.npmjs.org/unbox-primitive/-/unbox-primitive-1.0.1.tgz",
      "integrity": "sha512-tZU/3NqK3dA5gpE1KtyiJUrEB0lxnGkMFHptJ7q6ewdZ8s12QrODwNbhIJStmJkd1QDXa1NRA8aF2A1zk/Ypyw==",
      "requires": {
        "function-bind": "^1.1.1",
        "has-bigints": "^1.0.1",
        "has-symbols": "^1.0.2",
        "which-boxed-primitive": "^1.0.2"
      }
    },
    "util.promisify": {
      "version": "1.1.1",
      "resolved": "https://registry.npmjs.org/util.promisify/-/util.promisify-1.1.1.tgz",
      "integrity": "sha512-/s3UsZUrIfa6xDhr7zZhnE9SLQ5RIXyYfiVnMMyMDzOc8WhWN4Nbh36H842OyurKbCDAesZOJaVyvmSl6fhGQw==",
      "requires": {
        "call-bind": "^1.0.0",
        "define-properties": "^1.1.3",
        "for-each": "^0.3.3",
        "has-symbols": "^1.0.1",
        "object.getownpropertydescriptors": "^2.1.1"
      }
    },
    "which-boxed-primitive": {
      "version": "1.0.2",
      "resolved": "https://registry.npmjs.org/which-boxed-primitive/-/which-boxed-primitive-1.0.2.tgz",
      "integrity": "sha512-bwZdv0AKLpplFY2KZRX6TvyuN7ojjr7lwkg6ml0roIy9YeuSr7JS372qlNW18UQYzgYK9ziGcerWqZOmEn9VNg==",
      "requires": {
        "is-bigint": "^1.0.1",
        "is-boolean-object": "^1.1.0",
        "is-number-object": "^1.0.4",
        "is-string": "^1.0.5",
        "is-symbol": "^1.0.3"
      }
    },
    "wrappy": {
      "version": "1.0.2",
      "resolved": "https://registry.npmjs.org/wrappy/-/wrappy-1.0.2.tgz",
      "integrity": "sha1-tSQ9jz7BqjXxNkYFvA0QNuMKtp8="
    },
    "xlsjs": {
      "version": "0.7.6",
      "resolved": "https://registry.npmjs.org/xlsjs/-/xlsjs-0.7.6.tgz",
      "integrity": "sha1-2IdUVpqrz47qcMwjlhtGJjSklWU=",
      "requires": {
        "cfb": "~0.11.0",
        "codepage": "^1.14.0",
        "commander": "^7.2.0",
        "exit-on-epipe": "^1.0.1",
        "ssf": "~0.8.1"
      },
      "dependencies": {
        "codepage": {
          "version": "1.14.0",
          "resolved": "https://registry.npmjs.org/codepage/-/codepage-1.14.0.tgz",
          "integrity": "sha1-jL4lSBMjVZ19MHVxsP/5HnodL5k=",
          "requires": {
            "commander": "~2.14.1",
            "exit-on-epipe": "~1.0.1"
          },
          "dependencies": {
            "commander": {
              "version": "2.14.1",
              "resolved": "https://registry.npmjs.org/commander/-/commander-2.14.1.tgz",
              "integrity": "sha512-+YR16o3rK53SmWHU3rEM3tPAh2rwb1yPcQX5irVn7mb0gXbwuCCrnkbV5+PBfETdfg1vui07nM6PCG1zndcjQw=="
            }
          }
        },
        "commander": {
          "version": "7.2.0",
          "resolved": "https://registry.npmjs.org/commander/-/commander-7.2.0.tgz",
          "integrity": "sha512-QrWXB+ZQSVPmIWIhtEO9H+gwHaMGYiF5ChvoJ+K9ZGHG/sVsa6yiesAD1GC/x46sET00Xlwo1u49RVVVzvcSkw=="
        },
        "exit-on-epipe": {
          "version": "1.0.1",
          "resolved": "https://registry.npmjs.org/exit-on-epipe/-/exit-on-epipe-1.0.1.tgz",
          "integrity": "sha512-h2z5mrROTxce56S+pnvAV890uu7ls7f1kEvVGJbw1OlFH3/mlJ5bkXu0KRyW94v37zzHPiUd55iLn3DA7TjWpw=="
        }
      }
    },
    "xlsx": {
      "version": "0.11.19",
      "resolved": "https://registry.npmjs.org/xlsx/-/xlsx-0.11.19.tgz",
      "integrity": "sha512-UTfD64o5Ka/E6QHL12fzcq5wnt9MCtuwgoUdYSTDxjjDkhNmZwSfPlJH/+Yh8vE6nU/0ax3MXNrc9AP4haAmIg==",
      "requires": {
        "adler-32": "~1.2.0",
        "cfb": "~1.0.2",
        "codepage": "~1.12.0",
        "commander": "~2.13.0",
        "crc-32": "~1.2.0",
        "exit-on-epipe": "~1.0.1",
        "ssf": "~0.10.1"
      },
      "dependencies": {
        "cfb": {
          "version": "1.0.8",
          "resolved": "https://registry.npmjs.org/cfb/-/cfb-1.0.8.tgz",
          "integrity": "sha1-d/ITST1pfXVP2cD1UR6rWtctAs8=",
          "requires": {
            "commander": "^2.14.1",
            "printj": "~1.1.2"
          },
          "dependencies": {
            "commander": {
              "version": "2.20.3",
              "resolved": "https://registry.npmjs.org/commander/-/commander-2.20.3.tgz",
              "integrity": "sha512-GpVkmM8vF2vQUkj2LvZmD35JxeJOLCwJ9cUkugyk2nuhbv3+mJvpLYYt+0+USMxE+oj+ey/lJEnhZw75x/OMcQ=="
            }
          }
        },
        "codepage": {
          "version": "1.12.2",
          "resolved": "https://registry.npmjs.org/codepage/-/codepage-1.12.2.tgz",
          "integrity": "sha512-FAN+oPs/ocaPLFvIt4vEOHgWA6UJ6t+fVbbVBoXDpTpC+4JYasomYZEEjR/Miph3qQrVnIShRwwmwu4P35JW1w==",
          "requires": {
            "commander": "~2.14.1",
            "exit-on-epipe": "~1.0.1"
          },
          "dependencies": {
            "commander": {
              "version": "2.14.1",
              "resolved": "https://registry.npmjs.org/commander/-/commander-2.14.1.tgz",
              "integrity": "sha512-+YR16o3rK53SmWHU3rEM3tPAh2rwb1yPcQX5irVn7mb0gXbwuCCrnkbV5+PBfETdfg1vui07nM6PCG1zndcjQw=="
            }
          }
        },
        "commander": {
          "version": "2.13.0",
          "resolved": "https://registry.npmjs.org/commander/-/commander-2.13.0.tgz",
          "integrity": "sha512-MVuS359B+YzaWqjCL/c+22gfryv+mCBPHAv3zyVI2GN8EY6IRP8VwtasXn8jyyhvvq84R4ImN1OKRtcbIasjYA=="
        },
        "frac": {
          "version": "1.1.2",
          "resolved": "https://registry.npmjs.org/frac/-/frac-1.1.2.tgz",
          "integrity": "sha512-w/XBfkibaTl3YDqASwfDUqkna4Z2p9cFSr1aHDt0WoMTECnRfBOv2WArlZILlqgWlmdIlALXGpM2AOhEk5W3IA=="
        },
        "ssf": {
          "version": "0.10.3",
          "resolved": "https://registry.npmjs.org/ssf/-/ssf-0.10.3.tgz",
          "integrity": "sha512-pRuUdW0WwyB2doSqqjWyzwCD6PkfxpHAHdZp39K3dp/Hq7f+xfMwNAWIi16DyrRg4gg9c/RvLYkJTSawTPTm1w==",
          "requires": {
            "frac": "~1.1.2"
          }
        }
      }
    },
    "xml2js": {
      "version": "0.4.17",
      "resolved": "https://registry.npmjs.org/xml2js/-/xml2js-0.4.17.tgz",
      "integrity": "sha1-F76T6q4/O3eTWceVtBlwWogX6Gg=",
      "requires": {
        "sax": ">=0.6.0",
        "xmlbuilder": "^4.1.0"
      }
    },
    "xmlbuilder": {
      "version": "4.2.1",
      "resolved": "https://registry.npmjs.org/xmlbuilder/-/xmlbuilder-4.2.1.tgz",
      "integrity": "sha1-qlijBBoGb5DqoWwvU4n/GfP0YaU=",
      "requires": {
        "lodash": "^4.0.0"
      }
    },
    "yaml": {
      "version": "1.10.2",
      "resolved": "https://registry.npmjs.org/yaml/-/yaml-1.10.2.tgz",
      "integrity": "sha512-r3vXyErRCYJ7wg28yvBY5VSoAF8ZvlcW9/BwUzEtUsjvX/DKs24dIkuwjtuprwJJHsbyUbLApepYTR1BN4uHrg=="
    }
  }
}
